
Microsoft Visual Studio Solution File, Format Version 12.00
# Visual Studio Version 16
VisualStudioVersion = 16.0.31624.102
MinimumVisualStudioVersion = 10.0.40219.1
Project("{FAE04EC0-301F-11D3-BF4B-00C04F79EFBC}") = "Shopping Surface WPF", "Shopping Surface WPF\Shopping Surface WPF.csproj", "{6C4097A4-7847-404D-85D4-66B7299DE5F8}"
EndProject
Project("{FAE04EC0-301F-11D3-BF4B-00C04F79EFBC}") = "Model", "Model\Model.csproj", "{B8328ED4-7AF8-404A-8AE6-73C00BB3BA5E}"
EndProject
Global
	GlobalSection(SolutionConfigurationPlatforms) = preSolution
		Debug|Any CPU = Debug|Any CPU
		Release|Any CPU = Release|Any CPU
	EndGlobalSection
	GlobalSection(ProjectConfigurationPlatforms) = postSolution
		{6C4097A4-7847-404D-85D4-66B7299DE5F8}.Debug|Any CPU.ActiveCfg = Debug|Any CPU
		{6C4097A4-7847-404D-85D4-66B7299DE5F8}.Debug|Any CPU.Build.0 = Debug|Any CPU
		{6C4097A4-7847-404D-85D4-66B7299DE5F8}.Release|Any CPU.ActiveCfg = Release|Any CPU
		{6C4097A4-7847-404D-85D4-66B7299DE5F8}.Release|Any CPU.Build.0 = Release|Any CPU
		{B8328ED4-7AF8-404A-8AE6-73C00BB3BA5E}.Debug|Any CPU.ActiveCfg = Debug|Any CPU
		{B8328ED4-7AF8-404A-8AE6-73C00BB3BA5E}.Debug|Any CPU.Build.0 = Debug|Any CPU
		{B8328ED4-7AF8-404A-8AE6-73C00BB3BA5E}.Release|Any CPU.ActiveCfg = Release|Any CPU
		{B8328ED4-7AF8-404A-8AE6-73C00BB3BA5E}.Release|Any CPU.Build.0 = Release|Any CPU
	EndGlobalSection
	GlobalSection(SolutionProperties) = preSolution
		HideSolutionNode = FALSE
	EndGlobalSection
	GlobalSection(ExtensibilityGlobals) = postSolution
		SolutionGuid = {10EC41E5-7967-46C2-93D5-8670D9A0A2D4}
	EndGlobalSection
EndGlobal
